// !$*UTF8*$!
{
	archiveVersion = 1;
	classes = {
	};
	objectVersion = 50;
	objects = {

/* Begin PBXBuildFile section */
		8508C0B420CB9A4D00CB0BB2 /* DatePickerTableViewCell.swift in Sources */ = {isa = PBXBuildFile; fileRef = 8508C0B320CB9A4D00CB0BB2 /* DatePickerTableViewCell.swift */; };
		850B38D620C8636500372B52 /* AppDelegate.swift in Sources */ = {isa = PBXBuildFile; fileRef = 850B38D520C8636500372B52 /* AppDelegate.swift */; };
		850B38D820C8636500372B52 /* ViewController.swift in Sources */ = {isa = PBXBuildFile; fileRef = 850B38D720C8636500372B52 /* ViewController.swift */; };
		850B38DD20C8636B00372B52 /* Assets.xcassets in Resources */ = {isa = PBXBuildFile; fileRef = 850B38DC20C8636B00372B52 /* Assets.xcassets */; };
		850B38E020C8636B00372B52 /* LaunchScreen.storyboard in Resources */ = {isa = PBXBuildFile; fileRef = 850B38DE20C8636B00372B52 /* LaunchScreen.storyboard */; };
		850B38EA20C8665800372B52 /* DateTableViewCell.swift in Sources */ = {isa = PBXBuildFile; fileRef = 850B38E920C8665800372B52 /* DateTableViewCell.swift */; };
		850B38EC20C868C200372B52 /* Main.storyboard in Resources */ = {isa = PBXBuildFile; fileRef = 850B38EB20C868C200372B52 /* Main.storyboard */; };
/* End PBXBuildFile section */

/* Begin PBXFileReference section */
		8508C0B320CB9A4D00CB0BB2 /* DatePickerTableViewCell.swift */ = {isa = PBXFileReference; lastKnownFileType = sourcecode.swift; path = DatePickerTableViewCell.swift; sourceTree = "<group>"; };
		850B38D220C8636500372B52 /* InlineDatePicker.app */ = {isa = PBXFileReference; explicitFileType = wrapper.application; includeInIndex = 0; path = InlineDatePicker.app; sourceTree = BUILT_PRODUCTS_DIR; };
		850B38D520C8636500372B52 /* AppDelegate.swift */ = {isa = PBXFileReference; lastKnownFileType = sourcecode.swift; path = AppDelegate.swift; sourceTree = "<group>"; };
		850B38D720C8636500372B52 /* ViewController.swift */ = {isa = PBXFileReference; lastKnownFileType = sourcecode.swift; path = ViewController.swift; sourceTree = "<group>"; };
		850B38DC20C8636B00372B52 /* Assets.xcassets */ = {isa = PBXFileReference; lastKnownFileType = folder.assetcatalog; path = Assets.xcassets; sourceTree = "<group>"; };
		850B38DF20C8636B00372B52 /* Base */ = {isa = PBXFileReference; lastKnownFileType = file.storyboard; name = Base; path = Base.lproj/LaunchScreen.storyboard; sourceTree = "<group>"; };
		850B38E120C8636B00372B52 /* Info.plist */ = {isa = PBXFileReference; lastKnownFileType = text.plist.xml; path = Info.plist; sourceTree = "<group>"; };
		850B38E920C8665800372B52 /* DateTableViewCell.swift */ = {isa = PBXFileReference; lastKnownFileType = sourcecode.swift; path = DateTableViewCell.swift; sourceTree = "<group>"; };
		850B38EB20C868C200372B52 /* Main.storyboard */ = {isa = PBXFileReference; lastKnownFileType = file.storyboard; path = Main.storyboard; sourceTree = "<group>"; };
/* End PBXFileReference section */

/* Begin PBXFrameworksBuildPhase section */
		850B38CF20C8636500372B52 /* Frameworks */ = {
			isa = PBXFrameworksBuildPhase;
			buildActionMask = 2147483647;
			files = (
			);
			runOnlyForDeploymentPostprocessing = 0;
		};
/* End PBXFrameworksBuildPhase section */

/* Begin PBXGroup section */
		850B38C920C8636500372B52 = {
			isa = PBXGroup;
			children = (
				850B38D420C8636500372B52 /* InlineDatePicker */,
				850B38D320C8636500372B52 /* Products */,
			);
			sourceTree = "<group>";
		};
		850B38D320C8636500372B52 /* Products */ = {
			isa = PBXGroup;
			children = (
				850B38D220C8636500372B52 /* InlineDatePicker.app */,
			);
			name = Products;
			sourceTree = "<group>";
		};
		850B38D420C8636500372B52 /* InlineDatePicker */ = {
			isa = PBXGroup;
			children = (
				850D8BD720CAF2C700101A3E /* Xib */,
				850B38E820C8662D00372B52 /* Cells */,
				850B38E720C8661A00372B52 /* Controllers */,
				850B38D520C8636500372B52 /* AppDelegate.swift */,
				850B38DC20C8636B00372B52 /* Assets.xcassets */,
				850B38DE20C8636B00372B52 /* LaunchScreen.storyboard */,
				850B38EB20C868C200372B52 /* Main.storyboard */,
				850B38E120C8636B00372B52 /* Info.plist */,
			);
			path = InlineDatePicker;
			sourceTree = "<group>";
		};
		850B38E720C8661A00372B52 /* Controllers */ = {
			isa = PBXGroup;
			children = (
				850B38D720C8636500372B52 /* ViewController.swift */,
			);
			path = Controllers;
			sourceTree = "<group>";
		};
		850B38E820C8662D00372B52 /* Cells */ = {
			isa = PBXGroup;
			children = (
				850B38E920C8665800372B52 /* DateTableViewCell.swift */,
				8508C0B320CB9A4D00CB0BB2 /* DatePickerTableViewCell.swift */,
			);
			path = Cells;
			sourceTree = "<group>";
		};
		850D8BD720CAF2C700101A3E /* Xib */ = {
			isa = PBXGroup;
			children = (
			);
			path = Xib;
			sourceTree = "<group>";
		};
/* End PBXGroup section */

/* Begin PBXNativeTarget section */
		850B38D120C8636500372B52 /* InlineDatePicker */ = {
			isa = PBXNativeTarget;
			buildConfigurationList = 850B38E420C8636B00372B52 /* Build configuration list for PBXNativeTarget "InlineDatePicker" */;
			buildPhases = (
				850B38CE20C8636500372B52 /* Sources */,
				850B38CF20C8636500372B52 /* Frameworks */,
				850B38D020C8636500372B52 /* Resources */,
			);
			buildRules = (
			);
			dependencies = (
			);
			name = InlineDatePicker;
			productName = InlineDatePicker;
			productReference = 850B38D220C8636500372B52 /* InlineDatePicker.app */;
			productType = "com.apple.product-type.application";
		};
/* End PBXNativeTarget section */

/* Begin PBXProject section */
		850B38CA20C8636500372B52 /* Project object */ = {
			isa = PBXProject;
			attributes = {
				LastSwiftUpdateCheck = 0930;
				LastUpgradeCheck = 0930;
				ORGANIZATIONNAME = "Rajtharan Gopal";
				TargetAttributes = {
					850B38D120C8636500372B52 = {
						CreatedOnToolsVersion = 9.3;
					};
				};
			};
			buildConfigurationList = 850B38CD20C8636500372B52 /* Build configuration list for PBXProject "InlineDatePicker" */;
			compatibilityVersion = "Xcode 9.3";
			developmentRegion = en;
			hasScannedForEncodings = 0;
			knownRegions = (
				en,
				Base,
			);
			mainGroup = 850B38C920C8636500372B52;
			productRefGroup = 850B38D320C8636500372B52 /* Products */;
			projectDirPath = "";
			projectRoot = "";
			targets = (
				850B38D120C8636500372B52 /* InlineDatePicker */,
			);
		};
/* End PBXProject section */

/* Begin PBXResourcesBuildPhase section */
		850B38D020C8636500372B52 /* Resources */ = {
			isa = PBXResourcesBuildPhase;
			buildActionMask = 2147483647;
			files = (
				850B38EC20C868C200372B52 /* Main.storyboard in Resources */,
				850B38E020C8636B00372B52 /* LaunchScreen.storyboard in Resources */,
				850B38DD20C8636B00372B52 /* Assets.xcassets in Resources */,
			);
			runOnlyForDeploymentPostprocessing = 0;
		};
/* End PBXResourcesBuildPhase section */

/* Begin PBXSourcesBuildPhase section */
		850B38CE20C8636500372B52 /* Sources */ = {
			isa = PBXSourcesBuildPhase;
			buildActionMask = 2147483647;
			files = (
				850B38EA20C8665800372B52 /* DateTableViewCell.swift in Sources */,
				850B38D820C8636500372B52 /* ViewController.swift in Sources */,
				850B38D620C8636500372B52 /* AppDelegate.swift in Sources */,
				8508C0B420CB9A4D00CB0BB2 /* DatePickerTableViewCell.swift in Sources */,
			);
			runOnlyForDeploymentPostprocessing = 0;
		};
/* End PBXSourcesBuildPhase section */

/* Begin PBXVariantGroup section */
		850B38DE20C8636B00372B52 /* LaunchScreen.storyboard */ = {
			isa = PBXVariantGroup;
			children = (
				850B38DF20C8636B00372B52 /* Base */,
			);
			name = LaunchScreen.storyboard;
			sourceTree = "<group>";
		};
/* End PBXVariantGroup section */

/* Begin XCBuildConfiguration section */
		850B38E220C8636B00372B52 /* Debug */ = {
			isa = XCBuildConfiguration;
			buildSettings = {
				ALWAYS_SEARCH_USER_PATHS = NO;
				CLANG_ANALYZER_NONNULL = YES;
				CLANG_ANALYZER_NUMBER_OBJECT_CONVERSION = YES_AGGRESSIVE;
				CLANG_CXX_LANGUAGE_STANDARD = "gnu++14";
				CLANG_CXX_LIBRARY = "libc++";
				CLANG_ENABLE_MODULES = YES;
				CLANG_ENABLE_OBJC_ARC = YES;
				CLANG_ENABLE_OBJC_WEAK = YES;
				CLANG_WARN_BLOCK_CAPTURE_AUTORELEASING = YES;
				CLANG_WARN_BOOL_CONVERSION = YES;
				CLANG_WARN_COMMA = YES;
				CLANG_WARN_CONSTANT_CONVERSION = YES;
				CLANG_WARN_DEPRECATED_OBJC_IMPLEMENTATIONS = YES;
				CLANG_WARN_DIRECT_OBJC_ISA_USAGE = YES_ERROR;
				CLANG_WARN_DOCUMENTATION_COMMENTS = YES;
				CLANG_WARN_EMPTY_BODY = YES;
				CLANG_WARN_ENUM_CONVERSION = YES;
				CLANG_WARN_INFINITE_RECURSION = YES;
				CLANG_WARN_INT_CONVERSION = YES;
				CLANG_WARN_NON_LITERAL_NULL_CONVERSION = YES;
				CLANG_WARN_OBJC_IMPLICIT_RETAIN_SELF = YES;
				CLANG_WARN_OBJC_LITERAL_CONVERSION = YES;
				CLANG_WARN_OBJC_ROOT_CLASS = YES_ERROR;
				CLANG_WARN_RANGE_LOOP_ANALYSIS = YES;
				CLANG_WARN_STRICT_PROTOTYPES = YES;
				CLANG_WARN_SUSPICIOUS_MOVE = YES;
				CLANG_WARN_UNGUARDED_AVAILABILITY = YES_AGGRESSIVE;
				CLANG_WARN_UNREACHABLE_CODE = YES;
				CLANG_WARN__DUPLICATE_METHOD_MATCH = YES;
				CODE_SIGN_IDENTITY = "iPhone Developer";
				COPY_PHASE_STRIP = NO;
				DEBUG_INFORMATION_FORMAT = dwarf;
				ENABLE_STRICT_OBJC_MSGSEND = YES;
				ENABLE_TESTABILITY = YES;
				GCC_C_LANGUAGE_STANDARD = gnu11;
				GCC_DYNAMIC_NO_PIC = NO;
				GCC_NO_COMMON_BLOCKS = YES;
				GCC_OPTIMIZATION_LEVEL = 0;
				GCC_PREPROCESSOR_DEFINITIONS = (
					"DEBUG=1",
					"$(inherited)",
				);
				GCC_WARN_64_TO_32_BIT_CONVERSION = YES;
				GCC_WARN_ABOUT_RETURN_TYPE = YES_ERROR;
				GCC_WARN_UNDECLARED_SELECTOR = YES;
				GCC_WARN_UNINITIALIZED_AUTOS = YES_AGGRESSIVE;
				GCC_WARN_UNUSED_FUNCTION = YES;
				GCC_WARN_UNUSED_VARIABLE = YES;
				IPHONEOS_DEPLOYMENT_TARGET = 11.3;
				MTL_ENABLE_DEBUG_INFO = YES;
				ONLY_ACTIVE_ARCH = YES;
				SDKROOT = iphoneos;
				SWIFT_ACTIVE_COMPILATION_CONDITIONS = DEBUG;
				SWIFT_OPTIMIZATION_LEVEL = "-Onone";
			};
			name = Debug;
		};
		850B38E320C8636B00372B52 /* Release */ = {
			isa = XCBuildConfiguration;
			buildSettings = {
				ALWAYS_SEARCH_USER_PATHS = NO;
				CLANG_ANALYZER_NONNULL = YES;
				CLANG_ANALYZER_NUMBER_OBJECT_CONVERSION = YES_AGGRESSIVE;
				CLANG_CXX_LANGUAGE_STANDARD = "gnu++14";
				CLANG_CXX_LIBRARY = "libc++";
				CLANG_ENABLE_MODULES = YES;
				CLANG_ENABLE_OBJC_ARC = YES;
				CLANG_ENABLE_OBJC_WEAK = YES;
				CLANG_WARN_BLOCK_CAPTURE_AUTORELEASING = YES;
				CLANG_WARN_BOOL_CONVERSION = YES;
				CLANG_WARN_COMMA = YES;
				CLANG_WARN_CONSTANT_CONVERSION = YES;
				CLANG_WARN_DEPRECATED_OBJC_IMPLEMENTATIONS = YES;
				CLANG_WARN_DIRECT_OBJC_ISA_USAGE = YES_ERROR;
				CLANG_WARN_DOCUMENTATION_COMMENTS = YES;
				CLANG_WARN_EMPTY_BODY = YES;
				CLANG_WARN_ENUM_CONVERSION = YES;
				CLANG_WARN_INFINITE_RECURSION = YES;
				CLANG_WARN_INT_CONVERSION = YES;
				CLANG_WARN_NON_LITERAL_NULL_CONVERSION = YES;
				CLANG_WARN_OBJC_IMPLICIT_RETAIN_SELF = YES;
				CLANG_WARN_OBJC_LITERAL_CONVERSION = YES;
				CLANG_WARN_OBJC_ROOT_CLASS = YES_ERROR;
				CLANG_WARN_RANGE_LOOP_ANALYSIS = YES;
				CLANG_WARN_STRICT_PROTOTYPES = YES;
				CLANG_WARN_SUSPICIOUS_MOVE = YES;
				CLANG_WARN_UNGUARDED_AVAILABILITY = YES_AGGRESSIVE;
				CLANG_WARN_UNREACHABLE_CODE = YES;
				CLANG_WARN__DUPLICATE_METHOD_MATCH = YES;
				CODE_SIGN_IDENTITY = "iPhone Developer";
				COPY_PHASE_STRIP = NO;
				DEBUG_INFORMATION_FORMAT = "dwarf-with-dsym";
				ENABLE_NS_ASSERTIONS = NO;
				ENABLE_STRICT_OBJC_MSGSEND = YES;
				GCC_C_LANGUAGE_STANDARD = gnu11;
				GCC_NO_COMMON_BLOCKS = YES;
				GCC_WARN_64_TO_32_BIT_CONVERSION = YES;
				GCC_WARN_ABOUT_RETURN_TYPE = YES_ERROR;
				GCC_WARN_UNDECLARED_SELECTOR = YES;
				GCC_WARN_UNINITIALIZED_AUTOS = YES_AGGRESSIVE;
				GCC_WARN_UNUSED_FUNCTION = YES;
				GCC_WARN_UNUSED_VARIABLE = YES;
				IPHONEOS_DEPLOYMENT_TARGET = 11.3;
				MTL_ENABLE_DEBUG_INFO = NO;
				SDKROOT = iphoneos;
				SWIFT_COMPILATION_MODE = wholemodule;
				SWIFT_OPTIMIZATION_LEVEL = "-O";
				VALIDATE_PRODUCT = YES;
			};
			name = Release;
		};
		850B38E520C8636B00372B52 /* Debug */ = {
			isa = XCBuildConfiguration;
			buildSettings = {
				ASSETCATALOG_COMPILER_APPICON_NAME = AppIcon;
				CODE_SIGN_STYLE = Automatic;
				INFOPLIST_FILE = InlineDatePicker/Info.plist;
				LD_RUNPATH_SEARCH_PATHS = (
					"$(inherited)",
					"@executable_path/Frameworks",
				);
				PRODUCT_BUNDLE_IDENTIFIER = com.rajtharan.InlineDatePicker;
				PRODUCT_NAME = "$(TARGET_NAME)";
				SWIFT_VERSION = 4.0;
				TARGETED_DEVICE_FAMILY = "1,2";
			};
			name = Debug;
		};
		850B38E620C8636B00372B52 /* Release */ = {
			isa = XCBuildConfiguration;
			buildSettings = {
				ASSETCATALOG_COMPILER_APPICON_NAME = AppIcon;
				CODE_SIGN_STYLE = Automatic;
				INFOPLIST_FILE = InlineDatePicker/Info.plist;
				LD_RUNPATH_SEARCH_PATHS = (
					"$(inherited)",
					"@executable_path/Frameworks",
				);
				PRODUCT_BUNDLE_IDENTIFIER = com.rajtharan.InlineDatePicker;
				PRODUCT_NAME = "$(TARGET_NAME)";
				SWIFT_VERSION = 4.0;
				TARGETED_DEVICE_FAMILY = "1,2";
			};
			name = Release;
		};
/* End XCBuildConfiguration section */

/* Begin XCConfigurationList section */
		850B38CD20C8636500372B52 /* Build configuration list for PBXProject "InlineDatePicker" */ = {
			isa = XCConfigurationList;
			buildConfigurations = (
				850B38E220C8636B00372B52 /* Debug */,
				850B38E320C8636B00372B52 /* Release */,
			);
			defaultConfigurationIsVisible = 0;
			defaultConfigurationName = Release;
		};
		850B38E420C8636B00372B52 /* Build configuration list for PBXNativeTarget "InlineDatePicker" */ = {
			isa = XCConfigurationList;
			buildConfigurations = (
				850B38E520C8636B00372B52 /* Debug */,
				850B38E620C8636B00372B52 /* Release */,
			);
			defaultConfigurationIsVisible = 0;
			defaultConfigurationName = Release;
		};
/* End XCConfigurationList section */
	};
	rootObject = 850B38CA20C8636500372B52 /* Project object */;
}
